
Microsoft Visual Studio Solution File, Format Version 12.00
# Visual Studio Version 16
VisualStudioVersion = 16.0.30717.126
MinimumVisualStudioVersion = 10.0.40219.1
Project("{9A19103F-16F7-4668-BE54-9A1E7A4F7556}") = "Application", "Application\Application.csproj", "{00D5A0C8-B48F-45DB-9CEC-D1B6341F2475}"
EndProject
Project("{2150E333-8FDC-42A3-9474-1A3956D46DE8}") = "Application.DAL", "Application.DAL", "{5660CCBB-743B-4FCB-9A96-E0C675C18070}"
EndProject
Project("{9A19103F-16F7-4668-BE54-9A1E7A4F7556}") = "Application.DAL.UnitOfWork", "Application.DAL.UnitOfWork\Application.DAL.UnitOfWork.csproj", "{177F57F3-88A5-48C6-B731-761749951B45}"
EndProject
Project("{9A19103F-16F7-4668-BE54-9A1E7A4F7556}") = "Tests", "Tests\Tests.csproj", "{CE453575-6CA3-4DCB-ABD6-32C7BA8B4693}"
EndProject
Project("{2150E333-8FDC-42A3-9474-1A3956D46DE8}") = "Application.Util", "Application.Util", "{F5620CBB-AC37-488F-B97C-A318B2C23072}"
EndProject
Project("{FAE04EC0-301F-11D3-BF4B-00C04F79EFBC}") = "Application.Util.Helpers", "Application.Util.Helpers\Application.Util.Helpers.csproj", "{47402B44-1899-4069-9713-D1B13D79C197}"
EndProject
Global
	GlobalSection(SolutionConfigurationPlatforms) = preSolution
		Debug|Any CPU = Debug|Any CPU
		Release|Any CPU = Release|Any CPU
	EndGlobalSection
	GlobalSection(ProjectConfigurationPlatforms) = postSolution
		{00D5A0C8-B48F-45DB-9CEC-D1B6341F2475}.Debug|Any CPU.ActiveCfg = Debug|Any CPU
		{00D5A0C8-B48F-45DB-9CEC-D1B6341F2475}.Debug|Any CPU.Build.0 = Debug|Any CPU
		{00D5A0C8-B48F-45DB-9CEC-D1B6341F2475}.Release|Any CPU.ActiveCfg = Release|Any CPU
		{00D5A0C8-B48F-45DB-9CEC-D1B6341F2475}.Release|Any CPU.Build.0 = Release|Any CPU
		{177F57F3-88A5-48C6-B731-761749951B45}.Debug|Any CPU.ActiveCfg = Debug|Any CPU
		{177F57F3-88A5-48C6-B731-761749951B45}.Debug|Any CPU.Build.0 = Debug|Any CPU
		{177F57F3-88A5-48C6-B731-761749951B45}.Release|Any CPU.ActiveCfg = Release|Any CPU
		{177F57F3-88A5-48C6-B731-761749951B45}.Release|Any CPU.Build.0 = Release|Any CPU
		{CE453575-6CA3-4DCB-ABD6-32C7BA8B4693}.Debug|Any CPU.ActiveCfg = Debug|Any CPU
		{CE453575-6CA3-4DCB-ABD6-32C7BA8B4693}.Debug|Any CPU.Build.0 = Debug|Any CPU
		{CE453575-6CA3-4DCB-ABD6-32C7BA8B4693}.Release|Any CPU.ActiveCfg = Release|Any CPU
		{CE453575-6CA3-4DCB-ABD6-32C7BA8B4693}.Release|Any CPU.Build.0 = Release|Any CPU
		{47402B44-1899-4069-9713-D1B13D79C197}.Debug|Any CPU.ActiveCfg = Debug|Any CPU
		{47402B44-1899-4069-9713-D1B13D79C197}.Debug|Any CPU.Build.0 = Debug|Any CPU
		{47402B44-1899-4069-9713-D1B13D79C197}.Release|Any CPU.ActiveCfg = Release|Any CPU
		{47402B44-1899-4069-9713-D1B13D79C197}.Release|Any CPU.Build.0 = Release|Any CPU
	EndGlobalSection
	GlobalSection(SolutionProperties) = preSolution
		HideSolutionNode = FALSE
	EndGlobalSection
	GlobalSection(NestedProjects) = preSolution
		{177F57F3-88A5-48C6-B731-761749951B45} = {5660CCBB-743B-4FCB-9A96-E0C675C18070}
		{47402B44-1899-4069-9713-D1B13D79C197} = {F5620CBB-AC37-488F-B97C-A318B2C23072}
	EndGlobalSection
	GlobalSection(ExtensibilityGlobals) = postSolution
		SolutionGuid = {7710D679-9433-4874-8B6F-AEE747A3ED09}
	EndGlobalSection
EndGlobal
