
Microsoft Visual Studio Solution File, Format Version 12.00
# Visual Studio Version 16
VisualStudioVersion = 16.0.30717.126
MinimumVisualStudioVersion = 10.0.40219.1
Project("{9A19103F-16F7-4668-BE54-9A1E7A4F7556}") = "Application", "Application\Application.csproj", "{00D5A0C8-B48F-45DB-9CEC-D1B6341F2475}"
EndProject
Project("{2150E333-8FDC-42A3-9474-1A3956D46DE8}") = "Application.DAL", "Application.DAL", "{5660CCBB-743B-4FCB-9A96-E0C675C18070}"
EndProject
Project("{2150E333-8FDC-42A3-9474-1A3956D46DE8}") = "Application.CrossCutting", "Application.CrossCutting", "{EC31F54D-EFA4-4E0C-8AB7-BD2FD4DC9BB2}"
EndProject
Project("{FAE04EC0-301F-11D3-BF4B-00C04F79EFBC}") = "Application.DAL.UnitOfWork", "Application.DAL.UnitOfWork\Application.DAL.UnitOfWork.csproj", "{177F57F3-88A5-48C6-B731-761749951B45}"
EndProject
Project("{FAE04EC0-301F-11D3-BF4B-00C04F79EFBC}") = "Application.CrossCutting.ViewModels", "Application.CrossCutting.ViewModels\Application.CrossCutting.ViewModels.csproj", "{66A34AA6-4BBC-49DA-9F3E-0FBAC3380513}"
EndProject
Project("{FAE04EC0-301F-11D3-BF4B-00C04F79EFBC}") = "Tests", "Tests\Tests.csproj", "{CE453575-6CA3-4DCB-ABD6-32C7BA8B4693}"
EndProject
Global
	GlobalSection(SolutionConfigurationPlatforms) = preSolution
		Debug|Any CPU = Debug|Any CPU
		Release|Any CPU = Release|Any CPU
	EndGlobalSection
	GlobalSection(ProjectConfigurationPlatforms) = postSolution
		{00D5A0C8-B48F-45DB-9CEC-D1B6341F2475}.Debug|Any CPU.ActiveCfg = Debug|Any CPU
		{00D5A0C8-B48F-45DB-9CEC-D1B6341F2475}.Debug|Any CPU.Build.0 = Debug|Any CPU
		{00D5A0C8-B48F-45DB-9CEC-D1B6341F2475}.Release|Any CPU.ActiveCfg = Release|Any CPU
		{00D5A0C8-B48F-45DB-9CEC-D1B6341F2475}.Release|Any CPU.Build.0 = Release|Any CPU
		{177F57F3-88A5-48C6-B731-761749951B45}.Debug|Any CPU.ActiveCfg = Debug|Any CPU
		{177F57F3-88A5-48C6-B731-761749951B45}.Debug|Any CPU.Build.0 = Debug|Any CPU
		{177F57F3-88A5-48C6-B731-761749951B45}.Release|Any CPU.ActiveCfg = Release|Any CPU
		{177F57F3-88A5-48C6-B731-761749951B45}.Release|Any CPU.Build.0 = Release|Any CPU
		{66A34AA6-4BBC-49DA-9F3E-0FBAC3380513}.Debug|Any CPU.ActiveCfg = Debug|Any CPU
		{66A34AA6-4BBC-49DA-9F3E-0FBAC3380513}.Debug|Any CPU.Build.0 = Debug|Any CPU
		{66A34AA6-4BBC-49DA-9F3E-0FBAC3380513}.Release|Any CPU.ActiveCfg = Release|Any CPU
		{66A34AA6-4BBC-49DA-9F3E-0FBAC3380513}.Release|Any CPU.Build.0 = Release|Any CPU
		{CE453575-6CA3-4DCB-ABD6-32C7BA8B4693}.Debug|Any CPU.ActiveCfg = Debug|Any CPU
		{CE453575-6CA3-4DCB-ABD6-32C7BA8B4693}.Debug|Any CPU.Build.0 = Debug|Any CPU
		{CE453575-6CA3-4DCB-ABD6-32C7BA8B4693}.Release|Any CPU.ActiveCfg = Release|Any CPU
		{CE453575-6CA3-4DCB-ABD6-32C7BA8B4693}.Release|Any CPU.Build.0 = Release|Any CPU
	EndGlobalSection
	GlobalSection(SolutionProperties) = preSolution
		HideSolutionNode = FALSE
	EndGlobalSection
	GlobalSection(NestedProjects) = preSolution
		{177F57F3-88A5-48C6-B731-761749951B45} = {5660CCBB-743B-4FCB-9A96-E0C675C18070}
		{66A34AA6-4BBC-49DA-9F3E-0FBAC3380513} = {EC31F54D-EFA4-4E0C-8AB7-BD2FD4DC9BB2}
	EndGlobalSection
	GlobalSection(ExtensibilityGlobals) = postSolution
		SolutionGuid = {7710D679-9433-4874-8B6F-AEE747A3ED09}
	EndGlobalSection
EndGlobal
